
Microsoft Visual Studio Solution File, Format Version 12.00
# Visual Studio 15
VisualStudioVersion = 15.0.27428.1
MinimumVisualStudioVersion = 10.0.40219.1
Project("{FAE04EC0-301F-11D3-BF4B-00C04F79EFBC}") = "BombGame", "BombGame\BombGame.csproj", "{9BFEB6C1-3B76-4055-B361-4E5350453035}"
EndProject
Project("{54435603-DBB4-11D2-8724-00A0C9A8B90C}") = "Setup", "Setup\Setup.vdproj", "{50659438-9ECC-441F-976E-A7A5BA1B8E6C}"
EndProject
Global
	GlobalSection(SolutionConfigurationPlatforms) = preSolution
		Debug|Any CPU = Debug|Any CPU
		Release|Any CPU = Release|Any CPU
	EndGlobalSection
	GlobalSection(ProjectConfigurationPlatforms) = postSolution
		{9BFEB6C1-3B76-4055-B361-4E5350453035}.Debug|Any CPU.ActiveCfg = Debug|Any CPU
		{9BFEB6C1-3B76-4055-B361-4E5350453035}.Debug|Any CPU.Build.0 = Debug|Any CPU
		{9BFEB6C1-3B76-4055-B361-4E5350453035}.Release|Any CPU.ActiveCfg = Release|Any CPU
		{9BFEB6C1-3B76-4055-B361-4E5350453035}.Release|Any CPU.Build.0 = Release|Any CPU
		{50659438-9ECC-441F-976E-A7A5BA1B8E6C}.Debug|Any CPU.ActiveCfg = Debug
		{50659438-9ECC-441F-976E-A7A5BA1B8E6C}.Release|Any CPU.ActiveCfg = Release
	EndGlobalSection
	GlobalSection(SolutionProperties) = preSolution
		HideSolutionNode = FALSE
	EndGlobalSection
	GlobalSection(ExtensibilityGlobals) = postSolution
		SolutionGuid = {6C0A4BE7-F9EC-49A9-9638-9F83AA682805}
	EndGlobalSection
EndGlobal
